
Microsoft Visual Studio Solution File, Format Version 12.00
# Visual Studio 15
VisualStudioVersion = 15.0.28307.779
MinimumVisualStudioVersion = 10.0.40219.1
Project("{FAE04EC0-301F-11D3-BF4B-00C04F79EFBC}") = "showNotepads", "showNotepads\showNotepads.csproj", "{FF14C1AB-DE0D-464F-BAFC-1874B3AD6639}"
EndProject
Project("{FAE04EC0-301F-11D3-BF4B-00C04F79EFBC}") = "ConsoleApp1", "ConsoleApp1\ConsoleApp1.csproj", "{43AB45DD-2CC4-4A97-BE21-5F370CF0E1B5}"
EndProject
Global
	GlobalSection(SolutionConfigurationPlatforms) = preSolution
		Debug|Any CPU = Debug|Any CPU
		Release|Any CPU = Release|Any CPU
	EndGlobalSection
	GlobalSection(ProjectConfigurationPlatforms) = postSolution
		{FF14C1AB-DE0D-464F-BAFC-1874B3AD6639}.Debug|Any CPU.ActiveCfg = Debug|Any CPU
		{FF14C1AB-DE0D-464F-BAFC-1874B3AD6639}.Debug|Any CPU.Build.0 = Debug|Any CPU
		{FF14C1AB-DE0D-464F-BAFC-1874B3AD6639}.Release|Any CPU.ActiveCfg = Release|Any CPU
		{FF14C1AB-DE0D-464F-BAFC-1874B3AD6639}.Release|Any CPU.Build.0 = Release|Any CPU
		{43AB45DD-2CC4-4A97-BE21-5F370CF0E1B5}.Debug|Any CPU.ActiveCfg = Debug|Any CPU
		{43AB45DD-2CC4-4A97-BE21-5F370CF0E1B5}.Debug|Any CPU.Build.0 = Debug|Any CPU
		{43AB45DD-2CC4-4A97-BE21-5F370CF0E1B5}.Release|Any CPU.ActiveCfg = Release|Any CPU
		{43AB45DD-2CC4-4A97-BE21-5F370CF0E1B5}.Release|Any CPU.Build.0 = Release|Any CPU
	EndGlobalSection
	GlobalSection(SolutionProperties) = preSolution
		HideSolutionNode = FALSE
	EndGlobalSection
	GlobalSection(ExtensibilityGlobals) = postSolution
		SolutionGuid = {93000205-74DE-485C-A1AF-774AB287A290}
	EndGlobalSection
EndGlobal
